// !$*UTF8*$!
{
	archiveVersion = 1;
	classes = {
	};
	objectVersion = 48;
	objects = {

/* Begin PBXBuildFile section */
		411C12BA20B45A3400C9B7ED /* AppDelegate.swift in Sources */ = {isa = PBXBuildFile; fileRef = 411C12B920B45A3400C9B7ED /* AppDelegate.swift */; };
		411C12BC20B45A3400C9B7ED /* ViewController.swift in Sources */ = {isa = PBXBuildFile; fileRef = 411C12BB20B45A3400C9B7ED /* ViewController.swift */; };
		411C12BF20B45A3400C9B7ED /* Main.storyboard in Resources */ = {isa = PBXBuildFile; fileRef = 411C12BD20B45A3400C9B7ED /* Main.storyboard */; };
		411C12C120B45A3400C9B7ED /* Assets.xcassets in Resources */ = {isa = PBXBuildFile; fileRef = 411C12C020B45A3400C9B7ED /* Assets.xcassets */; };
		411C12C420B45A3400C9B7ED /* LaunchScreen.storyboard in Resources */ = {isa = PBXBuildFile; fileRef = 411C12C220B45A3400C9B7ED /* LaunchScreen.storyboard */; };
		411C12D120B45AAB00C9B7ED /* MovieVC.swift in Sources */ = {isa = PBXBuildFile; fileRef = 411C12CF20B45AAB00C9B7ED /* MovieVC.swift */; };
		411C12D220B45AAB00C9B7ED /* MovieView.swift in Sources */ = {isa = PBXBuildFile; fileRef = 411C12D020B45AAB00C9B7ED /* MovieView.swift */; };
		411C12D420B45AB100C9B7ED /* MoviePresenter.swift in Sources */ = {isa = PBXBuildFile; fileRef = 411C12D320B45AB100C9B7ED /* MoviePresenter.swift */; };
		411C12D620B45AB800C9B7ED /* Movie.swift in Sources */ = {isa = PBXBuildFile; fileRef = 411C12D520B45AB800C9B7ED /* Movie.swift */; };
/* End PBXBuildFile section */

/* Begin PBXFileReference section */
		411C12B620B45A3400C9B7ED /* MVPexample.app */ = {isa = PBXFileReference; explicitFileType = wrapper.application; includeInIndex = 0; path = MVPexample.app; sourceTree = BUILT_PRODUCTS_DIR; };
		411C12B920B45A3400C9B7ED /* AppDelegate.swift */ = {isa = PBXFileReference; lastKnownFileType = sourcecode.swift; path = AppDelegate.swift; sourceTree = "<group>"; };
		411C12BB20B45A3400C9B7ED /* ViewController.swift */ = {isa = PBXFileReference; lastKnownFileType = sourcecode.swift; path = ViewController.swift; sourceTree = "<group>"; };
		411C12BE20B45A3400C9B7ED /* Base */ = {isa = PBXFileReference; lastKnownFileType = file.storyboard; name = Base; path = Base.lproj/Main.storyboard; sourceTree = "<group>"; };
		411C12C020B45A3400C9B7ED /* Assets.xcassets */ = {isa = PBXFileReference; lastKnownFileType = folder.assetcatalog; path = Assets.xcassets; sourceTree = "<group>"; };
		411C12C320B45A3400C9B7ED /* Base */ = {isa = PBXFileReference; lastKnownFileType = file.storyboard; name = Base; path = Base.lproj/LaunchScreen.storyboard; sourceTree = "<group>"; };
		411C12C520B45A3400C9B7ED /* Info.plist */ = {isa = PBXFileReference; lastKnownFileType = text.plist.xml; path = Info.plist; sourceTree = "<group>"; };
		411C12CF20B45AAB00C9B7ED /* MovieVC.swift */ = {isa = PBXFileReference; fileEncoding = 4; lastKnownFileType = sourcecode.swift; path = MovieVC.swift; sourceTree = "<group>"; };
		411C12D020B45AAB00C9B7ED /* MovieView.swift */ = {isa = PBXFileReference; fileEncoding = 4; lastKnownFileType = sourcecode.swift; path = MovieView.swift; sourceTree = "<group>"; };
		411C12D320B45AB100C9B7ED /* MoviePresenter.swift */ = {isa = PBXFileReference; fileEncoding = 4; lastKnownFileType = sourcecode.swift; path = MoviePresenter.swift; sourceTree = "<group>"; };
		411C12D520B45AB800C9B7ED /* Movie.swift */ = {isa = PBXFileReference; fileEncoding = 4; lastKnownFileType = sourcecode.swift; path = Movie.swift; sourceTree = "<group>"; };
/* End PBXFileReference section */

/* Begin PBXFrameworksBuildPhase section */
		411C12B320B45A3400C9B7ED /* Frameworks */ = {
			isa = PBXFrameworksBuildPhase;
			buildActionMask = 2147483647;
			files = (
			);
			runOnlyForDeploymentPostprocessing = 0;
		};
/* End PBXFrameworksBuildPhase section */

/* Begin PBXGroup section */
		411C12AD20B45A3400C9B7ED = {
			isa = PBXGroup;
			children = (
				411C12B820B45A3400C9B7ED /* MVPexample */,
				411C12B720B45A3400C9B7ED /* Products */,
			);
			sourceTree = "<group>";
		};
		411C12B720B45A3400C9B7ED /* Products */ = {
			isa = PBXGroup;
			children = (
				411C12B620B45A3400C9B7ED /* MVPexample.app */,
			);
			name = Products;
			sourceTree = "<group>";
		};
		411C12B820B45A3400C9B7ED /* MVPexample */ = {
			isa = PBXGroup;
			children = (
				411C12CB20B45A3900C9B7ED /* MVP */,
				411C12B920B45A3400C9B7ED /* AppDelegate.swift */,
				411C12BB20B45A3400C9B7ED /* ViewController.swift */,
				411C12BD20B45A3400C9B7ED /* Main.storyboard */,
				411C12C020B45A3400C9B7ED /* Assets.xcassets */,
				411C12C220B45A3400C9B7ED /* LaunchScreen.storyboard */,
				411C12C520B45A3400C9B7ED /* Info.plist */,
			);
			path = MVPexample;
			sourceTree = "<group>";
		};
		411C12CB20B45A3900C9B7ED /* MVP */ = {
			isa = PBXGroup;
			children = (
				411C12CE20B45A4B00C9B7ED /* View */,
				411C12CD20B45A4200C9B7ED /* Presenter */,
				411C12CC20B45A3D00C9B7ED /* Model */,
			);
			path = MVP;
			sourceTree = "<group>";
		};
		411C12CC20B45A3D00C9B7ED /* Model */ = {
			isa = PBXGroup;
			children = (
				411C12D520B45AB800C9B7ED /* Movie.swift */,
			);
			path = Model;
			sourceTree = "<group>";
		};
		411C12CD20B45A4200C9B7ED /* Presenter */ = {
			isa = PBXGroup;
			children = (
				411C12D320B45AB100C9B7ED /* MoviePresenter.swift */,
			);
			path = Presenter;
			sourceTree = "<group>";
		};
		411C12CE20B45A4B00C9B7ED /* View */ = {
			isa = PBXGroup;
			children = (
				411C12CF20B45AAB00C9B7ED /* MovieVC.swift */,
				411C12D020B45AAB00C9B7ED /* MovieView.swift */,
			);
			path = View;
			sourceTree = "<group>";
		};
/* End PBXGroup section */

/* Begin PBXNativeTarget section */
		411C12B520B45A3400C9B7ED /* MVPexample */ = {
			isa = PBXNativeTarget;
			buildConfigurationList = 411C12C820B45A3400C9B7ED /* Build configuration list for PBXNativeTarget "MVPexample" */;
			buildPhases = (
				411C12B220B45A3400C9B7ED /* Sources */,
				411C12B320B45A3400C9B7ED /* Frameworks */,
				411C12B420B45A3400C9B7ED /* Resources */,
			);
			buildRules = (
			);
			dependencies = (
			);
			name = MVPexample;
			productName = MVPexample;
			productReference = 411C12B620B45A3400C9B7ED /* MVPexample.app */;
			productType = "com.apple.product-type.application";
		};
/* End PBXNativeTarget section */

/* Begin PBXProject section */
		411C12AE20B45A3400C9B7ED /* Project object */ = {
			isa = PBXProject;
			attributes = {
				LastSwiftUpdateCheck = 0920;
				LastUpgradeCheck = 0920;
				ORGANIZATIONNAME = Matiss;
				TargetAttributes = {
					411C12B520B45A3400C9B7ED = {
						CreatedOnToolsVersion = 9.2;
						ProvisioningStyle = Automatic;
					};
				};
			};
			buildConfigurationList = 411C12B120B45A3400C9B7ED /* Build configuration list for PBXProject "MVPexample" */;
			compatibilityVersion = "Xcode 8.0";
			developmentRegion = en;
			hasScannedForEncodings = 0;
			knownRegions = (
				en,
				Base,
			);
			mainGroup = 411C12AD20B45A3400C9B7ED;
			productRefGroup = 411C12B720B45A3400C9B7ED /* Products */;
			projectDirPath = "";
			projectRoot = "";
			targets = (
				411C12B520B45A3400C9B7ED /* MVPexample */,
			);
		};
/* End PBXProject section */

/* Begin PBXResourcesBuildPhase section */
		411C12B420B45A3400C9B7ED /* Resources */ = {
			isa = PBXResourcesBuildPhase;
			buildActionMask = 2147483647;
			files = (
				411C12C420B45A3400C9B7ED /* LaunchScreen.storyboard in Resources */,
				411C12C120B45A3400C9B7ED /* Assets.xcassets in Resources */,
				411C12BF20B45A3400C9B7ED /* Main.storyboard in Resources */,
			);
			runOnlyForDeploymentPostprocessing = 0;
		};
/* End PBXResourcesBuildPhase section */

/* Begin PBXSourcesBuildPhase section */
		411C12B220B45A3400C9B7ED /* Sources */ = {
			isa = PBXSourcesBuildPhase;
			buildActionMask = 2147483647;
			files = (
				411C12D120B45AAB00C9B7ED /* MovieVC.swift in Sources */,
				411C12D220B45AAB00C9B7ED /* MovieView.swift in Sources */,
				411C12D620B45AB800C9B7ED /* Movie.swift in Sources */,
				411C12BC20B45A3400C9B7ED /* ViewController.swift in Sources */,
				411C12D420B45AB100C9B7ED /* MoviePresenter.swift in Sources */,
				411C12BA20B45A3400C9B7ED /* AppDelegate.swift in Sources */,
			);
			runOnlyForDeploymentPostprocessing = 0;
		};
/* End PBXSourcesBuildPhase section */

/* Begin PBXVariantGroup section */
		411C12BD20B45A3400C9B7ED /* Main.storyboard */ = {
			isa = PBXVariantGroup;
			children = (
				411C12BE20B45A3400C9B7ED /* Base */,
			);
			name = Main.storyboard;
			sourceTree = "<group>";
		};
		411C12C220B45A3400C9B7ED /* LaunchScreen.storyboard */ = {
			isa = PBXVariantGroup;
			children = (
				411C12C320B45A3400C9B7ED /* Base */,
			);
			name = LaunchScreen.storyboard;
			sourceTree = "<group>";
		};
/* End PBXVariantGroup section */

/* Begin XCBuildConfiguration section */
		411C12C620B45A3400C9B7ED /* Debug */ = {
			isa = XCBuildConfiguration;
			buildSettings = {
				ALWAYS_SEARCH_USER_PATHS = NO;
				CLANG_ANALYZER_NONNULL = YES;
				CLANG_ANALYZER_NUMBER_OBJECT_CONVERSION = YES_AGGRESSIVE;
				CLANG_CXX_LANGUAGE_STANDARD = "gnu++14";
				CLANG_CXX_LIBRARY = "libc++";
				CLANG_ENABLE_MODULES = YES;
				CLANG_ENABLE_OBJC_ARC = YES;
				CLANG_WARN_BLOCK_CAPTURE_AUTORELEASING = YES;
				CLANG_WARN_BOOL_CONVERSION = YES;
				CLANG_WARN_COMMA = YES;
				CLANG_WARN_CONSTANT_CONVERSION = YES;
				CLANG_WARN_DIRECT_OBJC_ISA_USAGE = YES_ERROR;
				CLANG_WARN_DOCUMENTATION_COMMENTS = YES;
				CLANG_WARN_EMPTY_BODY = YES;
				CLANG_WARN_ENUM_CONVERSION = YES;
				CLANG_WARN_INFINITE_RECURSION = YES;
				CLANG_WARN_INT_CONVERSION = YES;
				CLANG_WARN_NON_LITERAL_NULL_CONVERSION = YES;
				CLANG_WARN_OBJC_LITERAL_CONVERSION = YES;
				CLANG_WARN_OBJC_ROOT_CLASS = YES_ERROR;
				CLANG_WARN_RANGE_LOOP_ANALYSIS = YES;
				CLANG_WARN_STRICT_PROTOTYPES = YES;
				CLANG_WARN_SUSPICIOUS_MOVE = YES;
				CLANG_WARN_UNGUARDED_AVAILABILITY = YES_AGGRESSIVE;
				CLANG_WARN_UNREACHABLE_CODE = YES;
				CLANG_WARN__DUPLICATE_METHOD_MATCH = YES;
				CODE_SIGN_IDENTITY = "iPhone Developer";
				COPY_PHASE_STRIP = NO;
				DEBUG_INFORMATION_FORMAT = dwarf;
				ENABLE_STRICT_OBJC_MSGSEND = YES;
				ENABLE_TESTABILITY = YES;
				GCC_C_LANGUAGE_STANDARD = gnu11;
				GCC_DYNAMIC_NO_PIC = NO;
				GCC_NO_COMMON_BLOCKS = YES;
				GCC_OPTIMIZATION_LEVEL = 0;
				GCC_PREPROCESSOR_DEFINITIONS = (
					"DEBUG=1",
					"$(inherited)",
				);
				GCC_WARN_64_TO_32_BIT_CONVERSION = YES;
				GCC_WARN_ABOUT_RETURN_TYPE = YES_ERROR;
				GCC_WARN_UNDECLARED_SELECTOR = YES;
				GCC_WARN_UNINITIALIZED_AUTOS = YES_AGGRESSIVE;
				GCC_WARN_UNUSED_FUNCTION = YES;
				GCC_WARN_UNUSED_VARIABLE = YES;
				IPHONEOS_DEPLOYMENT_TARGET = 11.2;
				MTL_ENABLE_DEBUG_INFO = YES;
				ONLY_ACTIVE_ARCH = YES;
				SDKROOT = iphoneos;
				SWIFT_ACTIVE_COMPILATION_CONDITIONS = DEBUG;
				SWIFT_OPTIMIZATION_LEVEL = "-Onone";
			};
			name = Debug;
		};
		411C12C720B45A3400C9B7ED /* Release */ = {
			isa = XCBuildConfiguration;
			buildSettings = {
				ALWAYS_SEARCH_USER_PATHS = NO;
				CLANG_ANALYZER_NONNULL = YES;
				CLANG_ANALYZER_NUMBER_OBJECT_CONVERSION = YES_AGGRESSIVE;
				CLANG_CXX_LANGUAGE_STANDARD = "gnu++14";
				CLANG_CXX_LIBRARY = "libc++";
				CLANG_ENABLE_MODULES = YES;
				CLANG_ENABLE_OBJC_ARC = YES;
				CLANG_WARN_BLOCK_CAPTURE_AUTORELEASING = YES;
				CLANG_WARN_BOOL_CONVERSION = YES;
				CLANG_WARN_COMMA = YES;
				CLANG_WARN_CONSTANT_CONVERSION = YES;
				CLANG_WARN_DIRECT_OBJC_ISA_USAGE = YES_ERROR;
				CLANG_WARN_DOCUMENTATION_COMMENTS = YES;
				CLANG_WARN_EMPTY_BODY = YES;
				CLANG_WARN_ENUM_CONVERSION = YES;
				CLANG_WARN_INFINITE_RECURSION = YES;
				CLANG_WARN_INT_CONVERSION = YES;
				CLANG_WARN_NON_LITERAL_NULL_CONVERSION = YES;
				CLANG_WARN_OBJC_LITERAL_CONVERSION = YES;
				CLANG_WARN_OBJC_ROOT_CLASS = YES_ERROR;
				CLANG_WARN_RANGE_LOOP_ANALYSIS = YES;
				CLANG_WARN_STRICT_PROTOTYPES = YES;
				CLANG_WARN_SUSPICIOUS_MOVE = YES;
				CLANG_WARN_UNGUARDED_AVAILABILITY = YES_AGGRESSIVE;
				CLANG_WARN_UNREACHABLE_CODE = YES;
				CLANG_WARN__DUPLICATE_METHOD_MATCH = YES;
				CODE_SIGN_IDENTITY = "iPhone Developer";
				COPY_PHASE_STRIP = NO;
				DEBUG_INFORMATION_FORMAT = "dwarf-with-dsym";
				ENABLE_NS_ASSERTIONS = NO;
				ENABLE_STRICT_OBJC_MSGSEND = YES;
				GCC_C_LANGUAGE_STANDARD = gnu11;
				GCC_NO_COMMON_BLOCKS = YES;
				GCC_WARN_64_TO_32_BIT_CONVERSION = YES;
				GCC_WARN_ABOUT_RETURN_TYPE = YES_ERROR;
				GCC_WARN_UNDECLARED_SELECTOR = YES;
				GCC_WARN_UNINITIALIZED_AUTOS = YES_AGGRESSIVE;
				GCC_WARN_UNUSED_FUNCTION = YES;
				GCC_WARN_UNUSED_VARIABLE = YES;
				IPHONEOS_DEPLOYMENT_TARGET = 11.2;
				MTL_ENABLE_DEBUG_INFO = NO;
				SDKROOT = iphoneos;
				SWIFT_OPTIMIZATION_LEVEL = "-Owholemodule";
				VALIDATE_PRODUCT = YES;
			};
			name = Release;
		};
		411C12C920B45A3400C9B7ED /* Debug */ = {
			isa = XCBuildConfiguration;
			buildSettings = {
				ASSETCATALOG_COMPILER_APPICON_NAME = AppIcon;
				CODE_SIGN_STYLE = Automatic;
				DEVELOPMENT_TEAM = L94WPD668Z;
				INFOPLIST_FILE = MVPexample/Info.plist;
				LD_RUNPATH_SEARCH_PATHS = "$(inherited) @executable_path/Frameworks";
				PRODUCT_BUNDLE_IDENTIFIER = MM.MVPexample;
				PRODUCT_NAME = "$(TARGET_NAME)";
				SWIFT_VERSION = 4.0;
				TARGETED_DEVICE_FAMILY = "1,2";
			};
			name = Debug;
		};
		411C12CA20B45A3400C9B7ED /* Release */ = {
			isa = XCBuildConfiguration;
			buildSettings = {
				ASSETCATALOG_COMPILER_APPICON_NAME = AppIcon;
				CODE_SIGN_STYLE = Automatic;
				DEVELOPMENT_TEAM = L94WPD668Z;
				INFOPLIST_FILE = MVPexample/Info.plist;
				LD_RUNPATH_SEARCH_PATHS = "$(inherited) @executable_path/Frameworks";
				PRODUCT_BUNDLE_IDENTIFIER = MM.MVPexample;
				PRODUCT_NAME = "$(TARGET_NAME)";
				SWIFT_VERSION = 4.0;
				TARGETED_DEVICE_FAMILY = "1,2";
			};
			name = Release;
		};
/* End XCBuildConfiguration section */

/* Begin XCConfigurationList section */
		411C12B120B45A3400C9B7ED /* Build configuration list for PBXProject "MVPexample" */ = {
			isa = XCConfigurationList;
			buildConfigurations = (
				411C12C620B45A3400C9B7ED /* Debug */,
				411C12C720B45A3400C9B7ED /* Release */,
			);
			defaultConfigurationIsVisible = 0;
			defaultConfigurationName = Release;
		};
		411C12C820B45A3400C9B7ED /* Build configuration list for PBXNativeTarget "MVPexample" */ = {
			isa = XCConfigurationList;
			buildConfigurations = (
				411C12C920B45A3400C9B7ED /* Debug */,
				411C12CA20B45A3400C9B7ED /* Release */,
			);
			defaultConfigurationIsVisible = 0;
			defaultConfigurationName = Release;
		};
/* End XCConfigurationList section */
	};
	rootObject = 411C12AE20B45A3400C9B7ED /* Project object */;
}
